
Microsoft Visual Studio Solution File, Format Version 12.00
# Visual Studio 15
Project("{FAE04EC0-301F-11D3-BF4B-00C04F79EFBC}") = "Assembly-CSharp", "Assembly-CSharp.csproj", "{7D261B80-1741-4FB1-908F-84A30194CC83}"
EndProject
Project("{FAE04EC0-301F-11D3-BF4B-00C04F79EFBC}") = "Assembly-CSharp-firstpass", "Assembly-CSharp-firstpass.csproj", "{A604B076-C92B-BB7F-9970-901CA191EC42}"
EndProject
Project("{FAE04EC0-301F-11D3-BF4B-00C04F79EFBC}") = "Assembly-CSharp-Editor", "Assembly-CSharp-Editor.csproj", "{8C92AC79-F367-1C59-C7C4-A39E16907461}"
EndProject
Global
	GlobalSection(SolutionConfigurationPlatforms) = preSolution
		Debug|Any CPU = Debug|Any CPU
		Release|Any CPU = Release|Any CPU
	EndGlobalSection
	GlobalSection(ProjectConfigurationPlatforms) = postSolution
		{7D261B80-1741-4FB1-908F-84A30194CC83}.Debug|Any CPU.ActiveCfg = Debug|Any CPU
		{7D261B80-1741-4FB1-908F-84A30194CC83}.Debug|Any CPU.Build.0 = Debug|Any CPU
		{7D261B80-1741-4FB1-908F-84A30194CC83}.Release|Any CPU.ActiveCfg = Release|Any CPU
		{7D261B80-1741-4FB1-908F-84A30194CC83}.Release|Any CPU.Build.0 = Release|Any CPU
		{A604B076-C92B-BB7F-9970-901CA191EC42}.Debug|Any CPU.ActiveCfg = Debug|Any CPU
		{A604B076-C92B-BB7F-9970-901CA191EC42}.Debug|Any CPU.Build.0 = Debug|Any CPU
		{A604B076-C92B-BB7F-9970-901CA191EC42}.Release|Any CPU.ActiveCfg = Release|Any CPU
		{A604B076-C92B-BB7F-9970-901CA191EC42}.Release|Any CPU.Build.0 = Release|Any CPU
		{8C92AC79-F367-1C59-C7C4-A39E16907461}.Debug|Any CPU.ActiveCfg = Debug|Any CPU
		{8C92AC79-F367-1C59-C7C4-A39E16907461}.Debug|Any CPU.Build.0 = Debug|Any CPU
		{8C92AC79-F367-1C59-C7C4-A39E16907461}.Release|Any CPU.ActiveCfg = Release|Any CPU
		{8C92AC79-F367-1C59-C7C4-A39E16907461}.Release|Any CPU.Build.0 = Release|Any CPU
	EndGlobalSection
	GlobalSection(SolutionProperties) = preSolution
		HideSolutionNode = FALSE
	EndGlobalSection
EndGlobal
